
Microsoft Visual Studio Solution File, Format Version 12.00
# Visual Studio 15
VisualStudioVersion = 15.0.27428.2015
MinimumVisualStudioVersion = 10.0.40219.1
Project("{9A19103F-16F7-4668-BE54-9A1E7A4F7556}") = "Arg2Data", "Arg2Data\Arg2Data.csproj", "{0F48CFF1-D019-419E-BFD4-2816DCD6C90B}"
EndProject
Project("{FAE04EC0-301F-11D3-BF4B-00C04F79EFBC}") = "Arg2Data.Tests", "Arg2Data.Tests\Arg2Data.Tests.csproj", "{4C231065-3537-40A7-B6E7-DF90E8D19301}"
EndProject
Global
	GlobalSection(SolutionConfigurationPlatforms) = preSolution
		Debug|Any CPU = Debug|Any CPU
		Release|Any CPU = Release|Any CPU
	EndGlobalSection
	GlobalSection(ProjectConfigurationPlatforms) = postSolution
		{0F48CFF1-D019-419E-BFD4-2816DCD6C90B}.Debug|Any CPU.ActiveCfg = Debug|Any CPU
		{0F48CFF1-D019-419E-BFD4-2816DCD6C90B}.Debug|Any CPU.Build.0 = Debug|Any CPU
		{0F48CFF1-D019-419E-BFD4-2816DCD6C90B}.Release|Any CPU.ActiveCfg = Release|Any CPU
		{0F48CFF1-D019-419E-BFD4-2816DCD6C90B}.Release|Any CPU.Build.0 = Release|Any CPU
		{4C231065-3537-40A7-B6E7-DF90E8D19301}.Debug|Any CPU.ActiveCfg = Debug|Any CPU
		{4C231065-3537-40A7-B6E7-DF90E8D19301}.Debug|Any CPU.Build.0 = Debug|Any CPU
		{4C231065-3537-40A7-B6E7-DF90E8D19301}.Release|Any CPU.ActiveCfg = Release|Any CPU
		{4C231065-3537-40A7-B6E7-DF90E8D19301}.Release|Any CPU.Build.0 = Release|Any CPU
	EndGlobalSection
	GlobalSection(SolutionProperties) = preSolution
		HideSolutionNode = FALSE
	EndGlobalSection
	GlobalSection(ExtensibilityGlobals) = postSolution
		SolutionGuid = {95CD8522-9FD1-4D15-95BF-37CCAE435CB4}
	EndGlobalSection
EndGlobal
